
Microsoft Visual Studio Solution File, Format Version 12.00
# Visual Studio 2013
VisualStudioVersion = 12.0.21005.1
MinimumVisualStudioVersion = 10.0.40219.1
Project("{FAE04EC0-301F-11D3-BF4B-00C04F79EFBC}") = "promoter-app", "promoter-app\promoter-app.csproj", "{FF7771B9-72B9-4AD7-908F-7C8442CADBB8}"
EndProject
Project("{FAE04EC0-301F-11D3-BF4B-00C04F79EFBC}") = "promoter-bl", "promoter-bl\promoter-bl.csproj", "{716B79DF-2CA7-4C81-BCBE-07096C50589F}"
EndProject
Project("{FAE04EC0-301F-11D3-BF4B-00C04F79EFBC}") = "promoter-unittests", "promoter-unittests\promoter-unittests.csproj", "{363B6993-C0D5-4FDE-A2D9-8D27EEEE922F}"
EndProject
Global
	GlobalSection(SolutionConfigurationPlatforms) = preSolution
		Debug|Any CPU = Debug|Any CPU
		Debug|ARM = Debug|ARM
		Debug|Mixed Platforms = Debug|Mixed Platforms
		Debug|x86 = Debug|x86
		Release|Any CPU = Release|Any CPU
		Release|ARM = Release|ARM
		Release|Mixed Platforms = Release|Mixed Platforms
		Release|x86 = Release|x86
	EndGlobalSection
	GlobalSection(ProjectConfigurationPlatforms) = postSolution
		{FF7771B9-72B9-4AD7-908F-7C8442CADBB8}.Debug|Any CPU.ActiveCfg = Debug|Any CPU
		{FF7771B9-72B9-4AD7-908F-7C8442CADBB8}.Debug|Any CPU.Build.0 = Debug|Any CPU
		{FF7771B9-72B9-4AD7-908F-7C8442CADBB8}.Debug|Any CPU.Deploy.0 = Debug|Any CPU
		{FF7771B9-72B9-4AD7-908F-7C8442CADBB8}.Debug|ARM.ActiveCfg = Debug|ARM
		{FF7771B9-72B9-4AD7-908F-7C8442CADBB8}.Debug|ARM.Build.0 = Debug|ARM
		{FF7771B9-72B9-4AD7-908F-7C8442CADBB8}.Debug|ARM.Deploy.0 = Debug|ARM
		{FF7771B9-72B9-4AD7-908F-7C8442CADBB8}.Debug|Mixed Platforms.ActiveCfg = Debug|x86
		{FF7771B9-72B9-4AD7-908F-7C8442CADBB8}.Debug|Mixed Platforms.Build.0 = Debug|x86
		{FF7771B9-72B9-4AD7-908F-7C8442CADBB8}.Debug|Mixed Platforms.Deploy.0 = Debug|x86
		{FF7771B9-72B9-4AD7-908F-7C8442CADBB8}.Debug|x86.ActiveCfg = Debug|x86
		{FF7771B9-72B9-4AD7-908F-7C8442CADBB8}.Debug|x86.Build.0 = Debug|x86
		{FF7771B9-72B9-4AD7-908F-7C8442CADBB8}.Debug|x86.Deploy.0 = Debug|x86
		{FF7771B9-72B9-4AD7-908F-7C8442CADBB8}.Release|Any CPU.ActiveCfg = Release|Any CPU
		{FF7771B9-72B9-4AD7-908F-7C8442CADBB8}.Release|Any CPU.Build.0 = Release|Any CPU
		{FF7771B9-72B9-4AD7-908F-7C8442CADBB8}.Release|Any CPU.Deploy.0 = Release|Any CPU
		{FF7771B9-72B9-4AD7-908F-7C8442CADBB8}.Release|ARM.ActiveCfg = Release|ARM
		{FF7771B9-72B9-4AD7-908F-7C8442CADBB8}.Release|ARM.Build.0 = Release|ARM
		{FF7771B9-72B9-4AD7-908F-7C8442CADBB8}.Release|ARM.Deploy.0 = Release|ARM
		{FF7771B9-72B9-4AD7-908F-7C8442CADBB8}.Release|Mixed Platforms.ActiveCfg = Release|x86
		{FF7771B9-72B9-4AD7-908F-7C8442CADBB8}.Release|Mixed Platforms.Build.0 = Release|x86
		{FF7771B9-72B9-4AD7-908F-7C8442CADBB8}.Release|Mixed Platforms.Deploy.0 = Release|x86
		{FF7771B9-72B9-4AD7-908F-7C8442CADBB8}.Release|x86.ActiveCfg = Release|x86
		{FF7771B9-72B9-4AD7-908F-7C8442CADBB8}.Release|x86.Build.0 = Release|x86
		{FF7771B9-72B9-4AD7-908F-7C8442CADBB8}.Release|x86.Deploy.0 = Release|x86
		{716B79DF-2CA7-4C81-BCBE-07096C50589F}.Debug|Any CPU.ActiveCfg = Debug|Any CPU
		{716B79DF-2CA7-4C81-BCBE-07096C50589F}.Debug|Any CPU.Build.0 = Debug|Any CPU
		{716B79DF-2CA7-4C81-BCBE-07096C50589F}.Debug|ARM.ActiveCfg = Debug|ARM
		{716B79DF-2CA7-4C81-BCBE-07096C50589F}.Debug|ARM.Build.0 = Debug|ARM
		{716B79DF-2CA7-4C81-BCBE-07096C50589F}.Debug|Mixed Platforms.ActiveCfg = Debug|x86
		{716B79DF-2CA7-4C81-BCBE-07096C50589F}.Debug|Mixed Platforms.Build.0 = Debug|x86
		{716B79DF-2CA7-4C81-BCBE-07096C50589F}.Debug|x86.ActiveCfg = Debug|x86
		{716B79DF-2CA7-4C81-BCBE-07096C50589F}.Debug|x86.Build.0 = Debug|x86
		{716B79DF-2CA7-4C81-BCBE-07096C50589F}.Release|Any CPU.ActiveCfg = Release|Any CPU
		{716B79DF-2CA7-4C81-BCBE-07096C50589F}.Release|Any CPU.Build.0 = Release|Any CPU
		{716B79DF-2CA7-4C81-BCBE-07096C50589F}.Release|ARM.ActiveCfg = Release|ARM
		{716B79DF-2CA7-4C81-BCBE-07096C50589F}.Release|ARM.Build.0 = Release|ARM
		{716B79DF-2CA7-4C81-BCBE-07096C50589F}.Release|Mixed Platforms.ActiveCfg = Release|x86
		{716B79DF-2CA7-4C81-BCBE-07096C50589F}.Release|Mixed Platforms.Build.0 = Release|x86
		{716B79DF-2CA7-4C81-BCBE-07096C50589F}.Release|x86.ActiveCfg = Release|x86
		{716B79DF-2CA7-4C81-BCBE-07096C50589F}.Release|x86.Build.0 = Release|x86
		{363B6993-C0D5-4FDE-A2D9-8D27EEEE922F}.Debug|Any CPU.ActiveCfg = Debug|x86
		{363B6993-C0D5-4FDE-A2D9-8D27EEEE922F}.Debug|ARM.ActiveCfg = Debug|ARM
		{363B6993-C0D5-4FDE-A2D9-8D27EEEE922F}.Debug|ARM.Build.0 = Debug|ARM
		{363B6993-C0D5-4FDE-A2D9-8D27EEEE922F}.Debug|ARM.Deploy.0 = Debug|ARM
		{363B6993-C0D5-4FDE-A2D9-8D27EEEE922F}.Debug|Mixed Platforms.ActiveCfg = Debug|x86
		{363B6993-C0D5-4FDE-A2D9-8D27EEEE922F}.Debug|Mixed Platforms.Build.0 = Debug|x86
		{363B6993-C0D5-4FDE-A2D9-8D27EEEE922F}.Debug|Mixed Platforms.Deploy.0 = Debug|x86
		{363B6993-C0D5-4FDE-A2D9-8D27EEEE922F}.Debug|x86.ActiveCfg = Debug|x86
		{363B6993-C0D5-4FDE-A2D9-8D27EEEE922F}.Debug|x86.Build.0 = Debug|x86
		{363B6993-C0D5-4FDE-A2D9-8D27EEEE922F}.Debug|x86.Deploy.0 = Debug|x86
		{363B6993-C0D5-4FDE-A2D9-8D27EEEE922F}.Release|Any CPU.ActiveCfg = Release|x86
		{363B6993-C0D5-4FDE-A2D9-8D27EEEE922F}.Release|ARM.ActiveCfg = Release|ARM
		{363B6993-C0D5-4FDE-A2D9-8D27EEEE922F}.Release|ARM.Build.0 = Release|ARM
		{363B6993-C0D5-4FDE-A2D9-8D27EEEE922F}.Release|ARM.Deploy.0 = Release|ARM
		{363B6993-C0D5-4FDE-A2D9-8D27EEEE922F}.Release|Mixed Platforms.ActiveCfg = Release|x86
		{363B6993-C0D5-4FDE-A2D9-8D27EEEE922F}.Release|Mixed Platforms.Build.0 = Release|x86
		{363B6993-C0D5-4FDE-A2D9-8D27EEEE922F}.Release|Mixed Platforms.Deploy.0 = Release|x86
		{363B6993-C0D5-4FDE-A2D9-8D27EEEE922F}.Release|x86.ActiveCfg = Release|x86
		{363B6993-C0D5-4FDE-A2D9-8D27EEEE922F}.Release|x86.Build.0 = Release|x86
		{363B6993-C0D5-4FDE-A2D9-8D27EEEE922F}.Release|x86.Deploy.0 = Release|x86
	EndGlobalSection
	GlobalSection(SolutionProperties) = preSolution
		HideSolutionNode = FALSE
	EndGlobalSection
EndGlobal
